Microsoft Visual Studio Solution File, Format Version 12.00
# Visual Studio Version 17
VisualStudioVersion = 17.5.2.0
MinimumVisualStudioVersion = 10.0.40219.1
Project("{2150E333-8FDC-42A3-9474-1A3956D46DE8}") = "templates", "templates", "{808186BE-9BD0-DD1D-D574-36EEAD1E7F8F}"
EndProject
Project("{2150E333-8FDC-42A3-9474-1A3956D46DE8}") = "MyCompany.WebApi.Template", "MyCompany.WebApi.Template", "{8A55E9FD-13C9-A74E-A34B-DA0FF5D40BE2}"
EndProject
Project("{2150E333-8FDC-42A3-9474-1A3956D46DE8}") = "tests", "tests", "{4A048BA2-A819-EAC3-87B9-DA469FCCB0A0}"
EndProject
Project("{FAE04EC0-301F-11D3-BF4B-00C04F79EFBC}") = "MyService.Fixtures", "templates\MyCompany.WebApi.Template\tests\Fixtures\MyService.Fixtures.csproj", "{4AD5E6F5-3969-0608-5D85-553C8E833EA1}"
EndProject
Project("{FAE04EC0-301F-11D3-BF4B-00C04F79EFBC}") = "MyService.IntegrationTests", "templates\MyCompany.WebApi.Template\tests\IntegrationTests\MyService.IntegrationTests.csproj", "{F6B10E1D-955F-D61A-341B-404D7D73E8A6}"
EndProject
Project("{FAE04EC0-301F-11D3-BF4B-00C04F79EFBC}") = "MyService.UnitTests", "templates\MyCompany.WebApi.Template\tests\UnitTests\MyService.UnitTests.csproj", "{C9720442-E7BC-FAEF-DC4F-DCDEE080620B}"
EndProject
Project("{FAE04EC0-301F-11D3-BF4B-00C04F79EFBC}") = "MyService.UnitTests.NUnit", "templates\MyCompany.WebApi.Template\tests\UnitTests\MyService.UnitTests.NUnit.csproj", "{FD9782E1-307E-029B-2CD3-B8CA95272487}"
EndProject
Project("{2150E333-8FDC-42A3-9474-1A3956D46DE8}") = "src", "src", "{D9ACEEEA-5A61-F5FD-6DD8-AE2F72F548E6}"
EndProject
Project("{2150E333-8FDC-42A3-9474-1A3956D46DE8}") = "Clean", "Clean", "{13FF848A-4D0D-8D29-44A0-2387DDD91809}"
EndProject
Project("{FAE04EC0-301F-11D3-BF4B-00C04F79EFBC}") = "MyService.Api", "templates\MyCompany.WebApi.Template\src\Clean\Api\MyService.Api.csproj", "{5C8117A6-DF3B-0B53-88D5-33DBCF3A2003}"
EndProject
Project("{FAE04EC0-301F-11D3-BF4B-00C04F79EFBC}") = "MyService.Application", "templates\MyCompany.WebApi.Template\src\Clean\Application\MyService.Application.csproj", "{1A10F32A-C01D-153A-7D85-3F53A0FC1B78}"
EndProject
Project("{FAE04EC0-301F-11D3-BF4B-00C04F79EFBC}") = "MyService.Domain", "templates\MyCompany.WebApi.Template\src\Clean\Domain\MyService.Domain.csproj", "{F1F58D82-AD5B-FE09-BBB5-16E784E23F9F}"
EndProject
Project("{FAE04EC0-301F-11D3-BF4B-00C04F79EFBC}") = "MyService.Infrastructure", "templates\MyCompany.WebApi.Template\src\Clean\Infrastructure\MyService.Infrastructure.csproj", "{7999A168-EAF6-C862-F0C5-1BD424795B0D}"
EndProject
Project("{2150E333-8FDC-42A3-9474-1A3956D46DE8}") = "Layered", "Layered", "{99DD9D14-58F1-DF90-8A5B-08F74909A3E7}"
EndProject
Project("{FAE04EC0-301F-11D3-BF4B-00C04F79EFBC}") = "MyService.Api", "templates\MyCompany.WebApi.Template\src\Layered\Api\MyService.Api.csproj", "{E6BC8242-5101-9E85-100F-42A54439B046}"
EndProject
Project("{FAE04EC0-301F-11D3-BF4B-00C04F79EFBC}") = "MyService.Business", "templates\MyCompany.WebApi.Template\src\Layered\Business\MyService.Business.csproj", "{C78FCD28-5381-D6A3-9B6A-D6B3B0F26C14}"
EndProject
Project("{FAE04EC0-301F-11D3-BF4B-00C04F79EFBC}") = "MyService.Data", "templates\MyCompany.WebApi.Template\src\Layered\Data\MyService.Data.csproj", "{ACE44236-7258-F6D3-39D0-1CB499C37C25}"
EndProject
Project("{FAE04EC0-301F-11D3-BF4B-00C04F79EFBC}") = "MyService.Domain", "templates\MyCompany.WebApi.Template\src\Layered\Domain\MyService.Domain.csproj", "{D4AA513A-DDBE-494C-1F69-A7E21540A582}"
EndProject
Project("{2150E333-8FDC-42A3-9474-1A3956D46DE8}") = "VerticalSlice", "VerticalSlice", "{A3046CD9-C7CF-93F8-EED0-6AC496E86FED}"
EndProject
Project("{FAE04EC0-301F-11D3-BF4B-00C04F79EFBC}") = "MyService.Api", "templates\MyCompany.WebApi.Template\src\VerticalSlice\Api\MyService.Api.csproj", "{B576556F-8437-9137-3DEE-2E6E25FE25D7}"
EndProject
Project("{FAE04EC0-301F-11D3-BF4B-00C04F79EFBC}") = "MyService.Domain", "templates\MyCompany.WebApi.Template\src\VerticalSlice\Domain\MyService.Domain.csproj", "{6C5092B2-07BA-CE4A-EA35-3C1F403ED266}"
EndProject
Project("{FAE04EC0-301F-11D3-BF4B-00C04F79EFBC}") = "MyService.Features", "templates\MyCompany.WebApi.Template\src\VerticalSlice\Features\MyService.Features.csproj", "{EC3099FA-F89E-AB85-04AE-608B0DE2D09B}"
EndProject
Project("{FAE04EC0-301F-11D3-BF4B-00C04F79EFBC}") = "MyService.Infrastructure", "templates\MyCompany.WebApi.Template\src\VerticalSlice\Infrastructure\MyService.Infrastructure.csproj", "{387559B4-2288-0DB7-1F6F-B2F7D6BB0DA8}"
EndProject
Project("{FAE04EC0-301F-11D3-BF4B-00C04F79EFBC}") = "MyService.Shared", "templates\MyCompany.WebApi.Template\src\VerticalSlice\Shared\MyService.Shared.csproj", "{44BD98F3-CE0E-BFEB-7E24-1653B28D3100}"
EndProject
Project("{2150E333-8FDC-42A3-9474-1A3956D46DE8}") = "TestSolution", "TestSolution", "{743D7AC3-5ADC-BB7E-A251-F5D22F81FC68}"
EndProject
Project("{2150E333-8FDC-42A3-9474-1A3956D46DE8}") = "ValidateClean", "ValidateClean", "{B5708271-4826-A194-210A-0E88316B578C}"
EndProject
Project("{2150E333-8FDC-42A3-9474-1A3956D46DE8}") = "tests", "tests", "{4DF0499B-0D94-AD69-0E33-05C72469B4E4}"
EndProject
Project("{FAE04EC0-301F-11D3-BF4B-00C04F79EFBC}") = "ValidateClean.Fixtures", "templates\TestSolution\ValidateClean\tests\Fixtures\ValidateClean.Fixtures.csproj", "{B4E39E30-640E-DA94-C659-18328A9D3E51}"
EndProject
Project("{FAE04EC0-301F-11D3-BF4B-00C04F79EFBC}") = "ValidateClean.IntegrationTests", "templates\TestSolution\ValidateClean\tests\IntegrationTests\ValidateClean.IntegrationTests.csproj", "{C5A2112A-9C9B-5588-B175-DB7AE5FAE0FF}"
EndProject
Project("{FAE04EC0-301F-11D3-BF4B-00C04F79EFBC}") = "ValidateClean.UnitTests", "templates\TestSolution\ValidateClean\tests\UnitTests\ValidateClean.UnitTests.csproj", "{8C4E3605-2580-0014-6F4E-D17FB8C96CD7}"
EndProject
Project("{FAE04EC0-301F-11D3-BF4B-00C04F79EFBC}") = "ValidateClean.UnitTests.NUnit", "templates\TestSolution\ValidateClean\tests\UnitTests\ValidateClean.UnitTests.NUnit.csproj", "{029902C6-1065-EC84-C11F-665A0D5B8CA5}"
EndProject
Project("{2150E333-8FDC-42A3-9474-1A3956D46DE8}") = "ValidateLayered", "ValidateLayered", "{2416268E-BE3A-AD77-AA21-54A677447DBD}"
EndProject
Project("{2150E333-8FDC-42A3-9474-1A3956D46DE8}") = "tests", "tests", "{F8D31878-A28D-7377-358C-650F7624B4D8}"
EndProject
Project("{FAE04EC0-301F-11D3-BF4B-00C04F79EFBC}") = "ValidateLayered.Fixtures", "templates\TestSolution\ValidateLayered\tests\Fixtures\ValidateLayered.Fixtures.csproj", "{3153EC76-3E53-648A-5A04-9E85B4E9E54A}"
EndProject
Project("{FAE04EC0-301F-11D3-BF4B-00C04F79EFBC}") = "ValidateLayered.IntegrationTests", "templates\TestSolution\ValidateLayered\tests\IntegrationTests\ValidateLayered.IntegrationTests.csproj", "{E2177B1F-02CA-0482-0AE4-87DB4C4A5634}"
EndProject
Project("{FAE04EC0-301F-11D3-BF4B-00C04F79EFBC}") = "ValidateLayered.UnitTests", "templates\TestSolution\ValidateLayered\tests\UnitTests\ValidateLayered.UnitTests.csproj", "{0F4C1021-70B8-B1A8-7D3E-C03D35EA27C6}"
EndProject
Project("{FAE04EC0-301F-11D3-BF4B-00C04F79EFBC}") = "ValidateLayered.UnitTests.NUnit", "templates\TestSolution\ValidateLayered\tests\UnitTests\ValidateLayered.UnitTests.NUnit.csproj", "{16863477-B1F1-00E3-C19B-C6FD259DF002}"
EndProject
Project("{2150E333-8FDC-42A3-9474-1A3956D46DE8}") = "ValidateVertical", "ValidateVertical", "{6F8C3C0C-A6ED-8D54-D91E-84FFF138BC8F}"
EndProject
Project("{2150E333-8FDC-42A3-9474-1A3956D46DE8}") = "tests", "tests", "{EC505D16-541B-864C-7DC0-95B74B93A873}"
EndProject
Project("{FAE04EC0-301F-11D3-BF4B-00C04F79EFBC}") = "ValidateVertical.Fixtures", "templates\TestSolution\ValidateVertical\tests\Fixtures\ValidateVertical.Fixtures.csproj", "{74DCE866-A20F-0EDE-FCE7-8A95C926BF79}"
EndProject
Project("{FAE04EC0-301F-11D3-BF4B-00C04F79EFBC}") = "ValidateVertical.IntegrationTests", "templates\TestSolution\ValidateVertical\tests\IntegrationTests\ValidateVertical.IntegrationTests.csproj", "{3DC57F54-8261-A981-42A9-078EE9A40B2F}"
EndProject
Project("{FAE04EC0-301F-11D3-BF4B-00C04F79EFBC}") = "ValidateVertical.UnitTests", "templates\TestSolution\ValidateVertical\tests\UnitTests\ValidateVertical.UnitTests.csproj", "{CD63F835-A443-373E-E03E-8BC72D8E3CA5}"
EndProject
Project("{FAE04EC0-301F-11D3-BF4B-00C04F79EFBC}") = "ValidateVertical.UnitTests.NUnit", "templates\TestSolution\ValidateVertical\tests\UnitTests\ValidateVertical.UnitTests.NUnit.csproj", "{C0501706-6D99-BB2F-C871-4C34269C9D29}"
EndProject
Project("{2150E333-8FDC-42A3-9474-1A3956D46DE8}") = "src", "src", "{BFBB1060-297C-B401-FBCA-BF2EB86DF82A}"
EndProject
Project("{2150E333-8FDC-42A3-9474-1A3956D46DE8}") = "Clean", "Clean", "{AD2DE6BB-74F9-ED3B-DF67-A6041EF45AAD}"
EndProject
Project("{FAE04EC0-301F-11D3-BF4B-00C04F79EFBC}") = "ValidateClean.Api", "templates\TestSolution\ValidateClean\src\Clean\Api\ValidateClean.Api.csproj", "{9BD1ECFC-FF5F-63EA-AA02-B923330456D2}"
EndProject
Project("{FAE04EC0-301F-11D3-BF4B-00C04F79EFBC}") = "ValidateClean.Application", "templates\TestSolution\ValidateClean\src\Clean\Application\ValidateClean.Application.csproj", "{A9302791-BD1B-311D-3E77-A94EB1396707}"
EndProject
Project("{FAE04EC0-301F-11D3-BF4B-00C04F79EFBC}") = "ValidateClean.Domain", "templates\TestSolution\ValidateClean\src\Clean\Domain\ValidateClean.Domain.csproj", "{42555361-7915-521E-B69B-22056C72C738}"
EndProject
Project("{FAE04EC0-301F-11D3-BF4B-00C04F79EFBC}") = "ValidateClean.Infrastructure", "templates\TestSolution\ValidateClean\src\Clean\Infrastructure\ValidateClean.Infrastructure.csproj", "{3E2C63F5-86E5-DB6B-4BDC-D395E01F72EE}"
EndProject
Project("{2150E333-8FDC-42A3-9474-1A3956D46DE8}") = "src", "src", "{AA66F7B9-0211-8930-C131-B9F49D735B4E}"
EndProject
Project("{2150E333-8FDC-42A3-9474-1A3956D46DE8}") = "Layered", "Layered", "{6B27B146-013F-8F13-9248-E75D35ECBC40}"
EndProject
Project("{FAE04EC0-301F-11D3-BF4B-00C04F79EFBC}") = "ValidateLayered.Api", "templates\TestSolution\ValidateLayered\src\Layered\Api\ValidateLayered.Api.csproj", "{A59B750A-1031-9F54-E4D8-EA1A0767F283}"
EndProject
Project("{FAE04EC0-301F-11D3-BF4B-00C04F79EFBC}") = "ValidateLayered.Business", "templates\TestSolution\ValidateLayered\src\Layered\Business\ValidateLayered.Business.csproj", "{775E3390-486D-BE12-EC5A-94FDDA409A2E}"
EndProject
Project("{FAE04EC0-301F-11D3-BF4B-00C04F79EFBC}") = "ValidateLayered.Data", "templates\TestSolution\ValidateLayered\src\Layered\Data\ValidateLayered.Data.csproj", "{4E41FD9F-83D6-70AA-9485-9C6E275866A6}"
EndProject
Project("{FAE04EC0-301F-11D3-BF4B-00C04F79EFBC}") = "ValidateLayered.Domain", "templates\TestSolution\ValidateLayered\src\Layered\Domain\ValidateLayered.Domain.csproj", "{DC8D8BB5-747E-F6CA-4BB3-DA71145ABF8E}"
EndProject
Project("{2150E333-8FDC-42A3-9474-1A3956D46DE8}") = "src", "src", "{4AEC3CA9-99E2-E4CC-C2B2-BBBE91332014}"
EndProject
Project("{2150E333-8FDC-42A3-9474-1A3956D46DE8}") = "VerticalSlice", "VerticalSlice", "{8A178F59-50CD-9BF2-BBAF-17D30B160C5D}"
EndProject
Project("{FAE04EC0-301F-11D3-BF4B-00C04F79EFBC}") = "ValidateVertical.Api", "templates\TestSolution\ValidateVertical\src\VerticalSlice\Api\ValidateVertical.Api.csproj", "{FDA5AC6A-DCA2-2C4B-FBB1-85FA58147753}"
EndProject
Project("{FAE04EC0-301F-11D3-BF4B-00C04F79EFBC}") = "ValidateVertical.Domain", "templates\TestSolution\ValidateVertical\src\VerticalSlice\Domain\ValidateVertical.Domain.csproj", "{76EA062A-F252-B61C-26B4-57C650744FA7}"
EndProject
Project("{FAE04EC0-301F-11D3-BF4B-00C04F79EFBC}") = "ValidateVertical.Features", "templates\TestSolution\ValidateVertical\src\VerticalSlice\Features\ValidateVertical.Features.csproj", "{98B03110-5743-4126-25F4-9527DE823510}"
EndProject
Project("{FAE04EC0-301F-11D3-BF4B-00C04F79EFBC}") = "ValidateVertical.Infrastructure", "templates\TestSolution\ValidateVertical\src\VerticalSlice\Infrastructure\ValidateVertical.Infrastructure.csproj", "{450F8B14-A280-43F8-7883-56D71E65D024}"
EndProject
Project("{FAE04EC0-301F-11D3-BF4B-00C04F79EFBC}") = "ValidateVertical.Shared", "templates\TestSolution\ValidateVertical\src\VerticalSlice\Shared\ValidateVertical.Shared.csproj", "{03D447B7-E07B-0A20-ECCD-C207AFC3D863}"
EndProject
Global
	GlobalSection(SolutionConfigurationPlatforms) = preSolution
		Debug|Any CPU = Debug|Any CPU
		Release|Any CPU = Release|Any CPU
	EndGlobalSection
	GlobalSection(ProjectConfigurationPlatforms) = postSolution
		{4AD5E6F5-3969-0608-5D85-553C8E833EA1}.Debug|Any CPU.ActiveCfg = Debug|Any CPU
		{4AD5E6F5-3969-0608-5D85-553C8E833EA1}.Debug|Any CPU.Build.0 = Debug|Any CPU
		{4AD5E6F5-3969-0608-5D85-553C8E833EA1}.Release|Any CPU.ActiveCfg = Release|Any CPU
		{4AD5E6F5-3969-0608-5D85-553C8E833EA1}.Release|Any CPU.Build.0 = Release|Any CPU
		{F6B10E1D-955F-D61A-341B-404D7D73E8A6}.Debug|Any CPU.ActiveCfg = Debug|Any CPU
		{F6B10E1D-955F-D61A-341B-404D7D73E8A6}.Debug|Any CPU.Build.0 = Debug|Any CPU
		{F6B10E1D-955F-D61A-341B-404D7D73E8A6}.Release|Any CPU.ActiveCfg = Release|Any CPU
		{F6B10E1D-955F-D61A-341B-404D7D73E8A6}.Release|Any CPU.Build.0 = Release|Any CPU
		{C9720442-E7BC-FAEF-DC4F-DCDEE080620B}.Debug|Any CPU.ActiveCfg = Debug|Any CPU
		{C9720442-E7BC-FAEF-DC4F-DCDEE080620B}.Debug|Any CPU.Build.0 = Debug|Any CPU
		{C9720442-E7BC-FAEF-DC4F-DCDEE080620B}.Release|Any CPU.ActiveCfg = Release|Any CPU
		{C9720442-E7BC-FAEF-DC4F-DCDEE080620B}.Release|Any CPU.Build.0 = Release|Any CPU
		{FD9782E1-307E-029B-2CD3-B8CA95272487}.Debug|Any CPU.ActiveCfg = Debug|Any CPU
		{FD9782E1-307E-029B-2CD3-B8CA95272487}.Debug|Any CPU.Build.0 = Debug|Any CPU
		{FD9782E1-307E-029B-2CD3-B8CA95272487}.Release|Any CPU.ActiveCfg = Release|Any CPU
		{FD9782E1-307E-029B-2CD3-B8CA95272487}.Release|Any CPU.Build.0 = Release|Any CPU
		{5C8117A6-DF3B-0B53-88D5-33DBCF3A2003}.Debug|Any CPU.ActiveCfg = Debug|Any CPU
		{5C8117A6-DF3B-0B53-88D5-33DBCF3A2003}.Debug|Any CPU.Build.0 = Debug|Any CPU
		{5C8117A6-DF3B-0B53-88D5-33DBCF3A2003}.Release|Any CPU.ActiveCfg = Release|Any CPU
		{5C8117A6-DF3B-0B53-88D5-33DBCF3A2003}.Release|Any CPU.Build.0 = Release|Any CPU
		{1A10F32A-C01D-153A-7D85-3F53A0FC1B78}.Debug|Any CPU.ActiveCfg = Debug|Any CPU
		{1A10F32A-C01D-153A-7D85-3F53A0FC1B78}.Debug|Any CPU.Build.0 = Debug|Any CPU
		{1A10F32A-C01D-153A-7D85-3F53A0FC1B78}.Release|Any CPU.ActiveCfg = Release|Any CPU
		{1A10F32A-C01D-153A-7D85-3F53A0FC1B78}.Release|Any CPU.Build.0 = Release|Any CPU
		{F1F58D82-AD5B-FE09-BBB5-16E784E23F9F}.Debug|Any CPU.ActiveCfg = Debug|Any CPU
		{F1F58D82-AD5B-FE09-BBB5-16E784E23F9F}.Debug|Any CPU.Build.0 = Debug|Any CPU
		{F1F58D82-AD5B-FE09-BBB5-16E784E23F9F}.Release|Any CPU.ActiveCfg = Release|Any CPU
		{F1F58D82-AD5B-FE09-BBB5-16E784E23F9F}.Release|Any CPU.Build.0 = Release|Any CPU
		{7999A168-EAF6-C862-F0C5-1BD424795B0D}.Debug|Any CPU.ActiveCfg = Debug|Any CPU
		{7999A168-EAF6-C862-F0C5-1BD424795B0D}.Debug|Any CPU.Build.0 = Debug|Any CPU
		{7999A168-EAF6-C862-F0C5-1BD424795B0D}.Release|Any CPU.ActiveCfg = Release|Any CPU
		{7999A168-EAF6-C862-F0C5-1BD424795B0D}.Release|Any CPU.Build.0 = Release|Any CPU
		{E6BC8242-5101-9E85-100F-42A54439B046}.Debug|Any CPU.ActiveCfg = Debug|Any CPU
		{E6BC8242-5101-9E85-100F-42A54439B046}.Debug|Any CPU.Build.0 = Debug|Any CPU
		{E6BC8242-5101-9E85-100F-42A54439B046}.Release|Any CPU.ActiveCfg = Release|Any CPU
		{E6BC8242-5101-9E85-100F-42A54439B046}.Release|Any CPU.Build.0 = Release|Any CPU
		{C78FCD28-5381-D6A3-9B6A-D6B3B0F26C14}.Debug|Any CPU.ActiveCfg = Debug|Any CPU
		{C78FCD28-5381-D6A3-9B6A-D6B3B0F26C14}.Debug|Any CPU.Build.0 = Debug|Any CPU
		{C78FCD28-5381-D6A3-9B6A-D6B3B0F26C14}.Release|Any CPU.ActiveCfg = Release|Any CPU
		{C78FCD28-5381-D6A3-9B6A-D6B3B0F26C14}.Release|Any CPU.Build.0 = Release|Any CPU
		{ACE44236-7258-F6D3-39D0-1CB499C37C25}.Debug|Any CPU.ActiveCfg = Debug|Any CPU
		{ACE44236-7258-F6D3-39D0-1CB499C37C25}.Debug|Any CPU.Build.0 = Debug|Any CPU
		{ACE44236-7258-F6D3-39D0-1CB499C37C25}.Release|Any CPU.ActiveCfg = Release|Any CPU
		{ACE44236-7258-F6D3-39D0-1CB499C37C25}.Release|Any CPU.Build.0 = Release|Any CPU
		{D4AA513A-DDBE-494C-1F69-A7E21540A582}.Debug|Any CPU.ActiveCfg = Debug|Any CPU
		{D4AA513A-DDBE-494C-1F69-A7E21540A582}.Debug|Any CPU.Build.0 = Debug|Any CPU
		{D4AA513A-DDBE-494C-1F69-A7E21540A582}.Release|Any CPU.ActiveCfg = Release|Any CPU
		{D4AA513A-DDBE-494C-1F69-A7E21540A582}.Release|Any CPU.Build.0 = Release|Any CPU
		{B576556F-8437-9137-3DEE-2E6E25FE25D7}.Debug|Any CPU.ActiveCfg = Debug|Any CPU
		{B576556F-8437-9137-3DEE-2E6E25FE25D7}.Debug|Any CPU.Build.0 = Debug|Any CPU
		{B576556F-8437-9137-3DEE-2E6E25FE25D7}.Release|Any CPU.ActiveCfg = Release|Any CPU
		{B576556F-8437-9137-3DEE-2E6E25FE25D7}.Release|Any CPU.Build.0 = Release|Any CPU
		{6C5092B2-07BA-CE4A-EA35-3C1F403ED266}.Debug|Any CPU.ActiveCfg = Debug|Any CPU
		{6C5092B2-07BA-CE4A-EA35-3C1F403ED266}.Debug|Any CPU.Build.0 = Debug|Any CPU
		{6C5092B2-07BA-CE4A-EA35-3C1F403ED266}.Release|Any CPU.ActiveCfg = Release|Any CPU
		{6C5092B2-07BA-CE4A-EA35-3C1F403ED266}.Release|Any CPU.Build.0 = Release|Any CPU
		{EC3099FA-F89E-AB85-04AE-608B0DE2D09B}.Debug|Any CPU.ActiveCfg = Debug|Any CPU
		{EC3099FA-F89E-AB85-04AE-608B0DE2D09B}.Debug|Any CPU.Build.0 = Debug|Any CPU
		{EC3099FA-F89E-AB85-04AE-608B0DE2D09B}.Release|Any CPU.ActiveCfg = Release|Any CPU
		{EC3099FA-F89E-AB85-04AE-608B0DE2D09B}.Release|Any CPU.Build.0 = Release|Any CPU
		{387559B4-2288-0DB7-1F6F-B2F7D6BB0DA8}.Debug|Any CPU.ActiveCfg = Debug|Any CPU
		{387559B4-2288-0DB7-1F6F-B2F7D6BB0DA8}.Debug|Any CPU.Build.0 = Debug|Any CPU
		{387559B4-2288-0DB7-1F6F-B2F7D6BB0DA8}.Release|Any CPU.ActiveCfg = Release|Any CPU
		{387559B4-2288-0DB7-1F6F-B2F7D6BB0DA8}.Release|Any CPU.Build.0 = Release|Any CPU
		{44BD98F3-CE0E-BFEB-7E24-1653B28D3100}.Debug|Any CPU.ActiveCfg = Debug|Any CPU
		{44BD98F3-CE0E-BFEB-7E24-1653B28D3100}.Debug|Any CPU.Build.0 = Debug|Any CPU
		{44BD98F3-CE0E-BFEB-7E24-1653B28D3100}.Release|Any CPU.ActiveCfg = Release|Any CPU
		{44BD98F3-CE0E-BFEB-7E24-1653B28D3100}.Release|Any CPU.Build.0 = Release|Any CPU
		{B4E39E30-640E-DA94-C659-18328A9D3E51}.Debug|Any CPU.ActiveCfg = Debug|Any CPU
		{B4E39E30-640E-DA94-C659-18328A9D3E51}.Debug|Any CPU.Build.0 = Debug|Any CPU
		{B4E39E30-640E-DA94-C659-18328A9D3E51}.Release|Any CPU.ActiveCfg = Release|Any CPU
		{B4E39E30-640E-DA94-C659-18328A9D3E51}.Release|Any CPU.Build.0 = Release|Any CPU
		{C5A2112A-9C9B-5588-B175-DB7AE5FAE0FF}.Debug|Any CPU.ActiveCfg = Debug|Any CPU
		{C5A2112A-9C9B-5588-B175-DB7AE5FAE0FF}.Debug|Any CPU.Build.0 = Debug|Any CPU
		{C5A2112A-9C9B-5588-B175-DB7AE5FAE0FF}.Release|Any CPU.ActiveCfg = Release|Any CPU
		{C5A2112A-9C9B-5588-B175-DB7AE5FAE0FF}.Release|Any CPU.Build.0 = Release|Any CPU
		{8C4E3605-2580-0014-6F4E-D17FB8C96CD7}.Debug|Any CPU.ActiveCfg = Debug|Any CPU
		{8C4E3605-2580-0014-6F4E-D17FB8C96CD7}.Debug|Any CPU.Build.0 = Debug|Any CPU
		{8C4E3605-2580-0014-6F4E-D17FB8C96CD7}.Release|Any CPU.ActiveCfg = Release|Any CPU
		{8C4E3605-2580-0014-6F4E-D17FB8C96CD7}.Release|Any CPU.Build.0 = Release|Any CPU
		{029902C6-1065-EC84-C11F-665A0D5B8CA5}.Debug|Any CPU.ActiveCfg = Debug|Any CPU
		{029902C6-1065-EC84-C11F-665A0D5B8CA5}.Debug|Any CPU.Build.0 = Debug|Any CPU
		{029902C6-1065-EC84-C11F-665A0D5B8CA5}.Release|Any CPU.ActiveCfg = Release|Any CPU
		{029902C6-1065-EC84-C11F-665A0D5B8CA5}.Release|Any CPU.Build.0 = Release|Any CPU
		{3153EC76-3E53-648A-5A04-9E85B4E9E54A}.Debug|Any CPU.ActiveCfg = Debug|Any CPU
		{3153EC76-3E53-648A-5A04-9E85B4E9E54A}.Debug|Any CPU.Build.0 = Debug|Any CPU
		{3153EC76-3E53-648A-5A04-9E85B4E9E54A}.Release|Any CPU.ActiveCfg = Release|Any CPU
		{3153EC76-3E53-648A-5A04-9E85B4E9E54A}.Release|Any CPU.Build.0 = Release|Any CPU
		{E2177B1F-02CA-0482-0AE4-87DB4C4A5634}.Debug|Any CPU.ActiveCfg = Debug|Any CPU
		{E2177B1F-02CA-0482-0AE4-87DB4C4A5634}.Debug|Any CPU.Build.0 = Debug|Any CPU
		{E2177B1F-02CA-0482-0AE4-87DB4C4A5634}.Release|Any CPU.ActiveCfg = Release|Any CPU
		{E2177B1F-02CA-0482-0AE4-87DB4C4A5634}.Release|Any CPU.Build.0 = Release|Any CPU
		{0F4C1021-70B8-B1A8-7D3E-C03D35EA27C6}.Debug|Any CPU.ActiveCfg = Debug|Any CPU
		{0F4C1021-70B8-B1A8-7D3E-C03D35EA27C6}.Debug|Any CPU.Build.0 = Debug|Any CPU
		{0F4C1021-70B8-B1A8-7D3E-C03D35EA27C6}.Release|Any CPU.ActiveCfg = Release|Any CPU
		{0F4C1021-70B8-B1A8-7D3E-C03D35EA27C6}.Release|Any CPU.Build.0 = Release|Any CPU
		{16863477-B1F1-00E3-C19B-C6FD259DF002}.Debug|Any CPU.ActiveCfg = Debug|Any CPU
		{16863477-B1F1-00E3-C19B-C6FD259DF002}.Debug|Any CPU.Build.0 = Debug|Any CPU
		{16863477-B1F1-00E3-C19B-C6FD259DF002}.Release|Any CPU.ActiveCfg = Release|Any CPU
		{16863477-B1F1-00E3-C19B-C6FD259DF002}.Release|Any CPU.Build.0 = Release|Any CPU
		{74DCE866-A20F-0EDE-FCE7-8A95C926BF79}.Debug|Any CPU.ActiveCfg = Debug|Any CPU
		{74DCE866-A20F-0EDE-FCE7-8A95C926BF79}.Debug|Any CPU.Build.0 = Debug|Any CPU
		{74DCE866-A20F-0EDE-FCE7-8A95C926BF79}.Release|Any CPU.ActiveCfg = Release|Any CPU
		{74DCE866-A20F-0EDE-FCE7-8A95C926BF79}.Release|Any CPU.Build.0 = Release|Any CPU
		{3DC57F54-8261-A981-42A9-078EE9A40B2F}.Debug|Any CPU.ActiveCfg = Debug|Any CPU
		{3DC57F54-8261-A981-42A9-078EE9A40B2F}.Debug|Any CPU.Build.0 = Debug|Any CPU
		{3DC57F54-8261-A981-42A9-078EE9A40B2F}.Release|Any CPU.ActiveCfg = Release|Any CPU
		{3DC57F54-8261-A981-42A9-078EE9A40B2F}.Release|Any CPU.Build.0 = Release|Any CPU
		{CD63F835-A443-373E-E03E-8BC72D8E3CA5}.Debug|Any CPU.ActiveCfg = Debug|Any CPU
		{CD63F835-A443-373E-E03E-8BC72D8E3CA5}.Debug|Any CPU.Build.0 = Debug|Any CPU
		{CD63F835-A443-373E-E03E-8BC72D8E3CA5}.Release|Any CPU.ActiveCfg = Release|Any CPU
		{CD63F835-A443-373E-E03E-8BC72D8E3CA5}.Release|Any CPU.Build.0 = Release|Any CPU
		{C0501706-6D99-BB2F-C871-4C34269C9D29}.Debug|Any CPU.ActiveCfg = Debug|Any CPU
		{C0501706-6D99-BB2F-C871-4C34269C9D29}.Debug|Any CPU.Build.0 = Debug|Any CPU
		{C0501706-6D99-BB2F-C871-4C34269C9D29}.Release|Any CPU.ActiveCfg = Release|Any CPU
		{C0501706-6D99-BB2F-C871-4C34269C9D29}.Release|Any CPU.Build.0 = Release|Any CPU
		{9BD1ECFC-FF5F-63EA-AA02-B923330456D2}.Debug|Any CPU.ActiveCfg = Debug|Any CPU
		{9BD1ECFC-FF5F-63EA-AA02-B923330456D2}.Debug|Any CPU.Build.0 = Debug|Any CPU
		{9BD1ECFC-FF5F-63EA-AA02-B923330456D2}.Release|Any CPU.ActiveCfg = Release|Any CPU
		{9BD1ECFC-FF5F-63EA-AA02-B923330456D2}.Release|Any CPU.Build.0 = Release|Any CPU
		{A9302791-BD1B-311D-3E77-A94EB1396707}.Debug|Any CPU.ActiveCfg = Debug|Any CPU
		{A9302791-BD1B-311D-3E77-A94EB1396707}.Debug|Any CPU.Build.0 = Debug|Any CPU
		{A9302791-BD1B-311D-3E77-A94EB1396707}.Release|Any CPU.ActiveCfg = Release|Any CPU
		{A9302791-BD1B-311D-3E77-A94EB1396707}.Release|Any CPU.Build.0 = Release|Any CPU
		{42555361-7915-521E-B69B-22056C72C738}.Debug|Any CPU.ActiveCfg = Debug|Any CPU
		{42555361-7915-521E-B69B-22056C72C738}.Debug|Any CPU.Build.0 = Debug|Any CPU
		{42555361-7915-521E-B69B-22056C72C738}.Release|Any CPU.ActiveCfg = Release|Any CPU
		{42555361-7915-521E-B69B-22056C72C738}.Release|Any CPU.Build.0 = Release|Any CPU
		{3E2C63F5-86E5-DB6B-4BDC-D395E01F72EE}.Debug|Any CPU.ActiveCfg = Debug|Any CPU
		{3E2C63F5-86E5-DB6B-4BDC-D395E01F72EE}.Debug|Any CPU.Build.0 = Debug|Any CPU
		{3E2C63F5-86E5-DB6B-4BDC-D395E01F72EE}.Release|Any CPU.ActiveCfg = Release|Any CPU
		{3E2C63F5-86E5-DB6B-4BDC-D395E01F72EE}.Release|Any CPU.Build.0 = Release|Any CPU
		{A59B750A-1031-9F54-E4D8-EA1A0767F283}.Debug|Any CPU.ActiveCfg = Debug|Any CPU
		{A59B750A-1031-9F54-E4D8-EA1A0767F283}.Debug|Any CPU.Build.0 = Debug|Any CPU
		{A59B750A-1031-9F54-E4D8-EA1A0767F283}.Release|Any CPU.ActiveCfg = Release|Any CPU
		{A59B750A-1031-9F54-E4D8-EA1A0767F283}.Release|Any CPU.Build.0 = Release|Any CPU
		{775E3390-486D-BE12-EC5A-94FDDA409A2E}.Debug|Any CPU.ActiveCfg = Debug|Any CPU
		{775E3390-486D-BE12-EC5A-94FDDA409A2E}.Debug|Any CPU.Build.0 = Debug|Any CPU
		{775E3390-486D-BE12-EC5A-94FDDA409A2E}.Release|Any CPU.ActiveCfg = Release|Any CPU
		{775E3390-486D-BE12-EC5A-94FDDA409A2E}.Release|Any CPU.Build.0 = Release|Any CPU
		{4E41FD9F-83D6-70AA-9485-9C6E275866A6}.Debug|Any CPU.ActiveCfg = Debug|Any CPU
		{4E41FD9F-83D6-70AA-9485-9C6E275866A6}.Debug|Any CPU.Build.0 = Debug|Any CPU
		{4E41FD9F-83D6-70AA-9485-9C6E275866A6}.Release|Any CPU.ActiveCfg = Release|Any CPU
		{4E41FD9F-83D6-70AA-9485-9C6E275866A6}.Release|Any CPU.Build.0 = Release|Any CPU
		{DC8D8BB5-747E-F6CA-4BB3-DA71145ABF8E}.Debug|Any CPU.ActiveCfg = Debug|Any CPU
		{DC8D8BB5-747E-F6CA-4BB3-DA71145ABF8E}.Debug|Any CPU.Build.0 = Debug|Any CPU
		{DC8D8BB5-747E-F6CA-4BB3-DA71145ABF8E}.Release|Any CPU.ActiveCfg = Release|Any CPU
		{DC8D8BB5-747E-F6CA-4BB3-DA71145ABF8E}.Release|Any CPU.Build.0 = Release|Any CPU
		{FDA5AC6A-DCA2-2C4B-FBB1-85FA58147753}.Debug|Any CPU.ActiveCfg = Debug|Any CPU
		{FDA5AC6A-DCA2-2C4B-FBB1-85FA58147753}.Debug|Any CPU.Build.0 = Debug|Any CPU
		{FDA5AC6A-DCA2-2C4B-FBB1-85FA58147753}.Release|Any CPU.ActiveCfg = Release|Any CPU
		{FDA5AC6A-DCA2-2C4B-FBB1-85FA58147753}.Release|Any CPU.Build.0 = Release|Any CPU
		{76EA062A-F252-B61C-26B4-57C650744FA7}.Debug|Any CPU.ActiveCfg = Debug|Any CPU
		{76EA062A-F252-B61C-26B4-57C650744FA7}.Debug|Any CPU.Build.0 = Debug|Any CPU
		{76EA062A-F252-B61C-26B4-57C650744FA7}.Release|Any CPU.ActiveCfg = Release|Any CPU
		{76EA062A-F252-B61C-26B4-57C650744FA7}.Release|Any CPU.Build.0 = Release|Any CPU
		{98B03110-5743-4126-25F4-9527DE823510}.Debug|Any CPU.ActiveCfg = Debug|Any CPU
		{98B03110-5743-4126-25F4-9527DE823510}.Debug|Any CPU.Build.0 = Debug|Any CPU
		{98B03110-5743-4126-25F4-9527DE823510}.Release|Any CPU.ActiveCfg = Release|Any CPU
		{98B03110-5743-4126-25F4-9527DE823510}.Release|Any CPU.Build.0 = Release|Any CPU
		{450F8B14-A280-43F8-7883-56D71E65D024}.Debug|Any CPU.ActiveCfg = Debug|Any CPU
		{450F8B14-A280-43F8-7883-56D71E65D024}.Debug|Any CPU.Build.0 = Debug|Any CPU
		{450F8B14-A280-43F8-7883-56D71E65D024}.Release|Any CPU.ActiveCfg = Release|Any CPU
		{450F8B14-A280-43F8-7883-56D71E65D024}.Release|Any CPU.Build.0 = Release|Any CPU
		{03D447B7-E07B-0A20-ECCD-C207AFC3D863}.Debug|Any CPU.ActiveCfg = Debug|Any CPU
		{03D447B7-E07B-0A20-ECCD-C207AFC3D863}.Debug|Any CPU.Build.0 = Debug|Any CPU
		{03D447B7-E07B-0A20-ECCD-C207AFC3D863}.Release|Any CPU.ActiveCfg = Release|Any CPU
		{03D447B7-E07B-0A20-ECCD-C207AFC3D863}.Release|Any CPU.Build.0 = Release|Any CPU
	EndGlobalSection
	GlobalSection(SolutionProperties) = preSolution
		HideSolutionNode = FALSE
	EndGlobalSection
	GlobalSection(NestedProjects) = preSolution
		{8A55E9FD-13C9-A74E-A34B-DA0FF5D40BE2} = {808186BE-9BD0-DD1D-D574-36EEAD1E7F8F}
		{4A048BA2-A819-EAC3-87B9-DA469FCCB0A0} = {8A55E9FD-13C9-A74E-A34B-DA0FF5D40BE2}
		{4AD5E6F5-3969-0608-5D85-553C8E833EA1} = {4A048BA2-A819-EAC3-87B9-DA469FCCB0A0}
		{F6B10E1D-955F-D61A-341B-404D7D73E8A6} = {4A048BA2-A819-EAC3-87B9-DA469FCCB0A0}
		{C9720442-E7BC-FAEF-DC4F-DCDEE080620B} = {4A048BA2-A819-EAC3-87B9-DA469FCCB0A0}
		{FD9782E1-307E-029B-2CD3-B8CA95272487} = {4A048BA2-A819-EAC3-87B9-DA469FCCB0A0}
		{D9ACEEEA-5A61-F5FD-6DD8-AE2F72F548E6} = {8A55E9FD-13C9-A74E-A34B-DA0FF5D40BE2}
		{13FF848A-4D0D-8D29-44A0-2387DDD91809} = {D9ACEEEA-5A61-F5FD-6DD8-AE2F72F548E6}
		{5C8117A6-DF3B-0B53-88D5-33DBCF3A2003} = {13FF848A-4D0D-8D29-44A0-2387DDD91809}
		{1A10F32A-C01D-153A-7D85-3F53A0FC1B78} = {13FF848A-4D0D-8D29-44A0-2387DDD91809}
		{F1F58D82-AD5B-FE09-BBB5-16E784E23F9F} = {13FF848A-4D0D-8D29-44A0-2387DDD91809}
		{7999A168-EAF6-C862-F0C5-1BD424795B0D} = {13FF848A-4D0D-8D29-44A0-2387DDD91809}
		{99DD9D14-58F1-DF90-8A5B-08F74909A3E7} = {D9ACEEEA-5A61-F5FD-6DD8-AE2F72F548E6}
		{E6BC8242-5101-9E85-100F-42A54439B046} = {99DD9D14-58F1-DF90-8A5B-08F74909A3E7}
		{C78FCD28-5381-D6A3-9B6A-D6B3B0F26C14} = {99DD9D14-58F1-DF90-8A5B-08F74909A3E7}
		{ACE44236-7258-F6D3-39D0-1CB499C37C25} = {99DD9D14-58F1-DF90-8A5B-08F74909A3E7}
		{D4AA513A-DDBE-494C-1F69-A7E21540A582} = {99DD9D14-58F1-DF90-8A5B-08F74909A3E7}
		{A3046CD9-C7CF-93F8-EED0-6AC496E86FED} = {D9ACEEEA-5A61-F5FD-6DD8-AE2F72F548E6}
		{B576556F-8437-9137-3DEE-2E6E25FE25D7} = {A3046CD9-C7CF-93F8-EED0-6AC496E86FED}
		{6C5092B2-07BA-CE4A-EA35-3C1F403ED266} = {A3046CD9-C7CF-93F8-EED0-6AC496E86FED}
		{EC3099FA-F89E-AB85-04AE-608B0DE2D09B} = {A3046CD9-C7CF-93F8-EED0-6AC496E86FED}
		{387559B4-2288-0DB7-1F6F-B2F7D6BB0DA8} = {A3046CD9-C7CF-93F8-EED0-6AC496E86FED}
		{44BD98F3-CE0E-BFEB-7E24-1653B28D3100} = {A3046CD9-C7CF-93F8-EED0-6AC496E86FED}
		{743D7AC3-5ADC-BB7E-A251-F5D22F81FC68} = {808186BE-9BD0-DD1D-D574-36EEAD1E7F8F}
		{B5708271-4826-A194-210A-0E88316B578C} = {743D7AC3-5ADC-BB7E-A251-F5D22F81FC68}
		{4DF0499B-0D94-AD69-0E33-05C72469B4E4} = {B5708271-4826-A194-210A-0E88316B578C}
		{B4E39E30-640E-DA94-C659-18328A9D3E51} = {4DF0499B-0D94-AD69-0E33-05C72469B4E4}
		{C5A2112A-9C9B-5588-B175-DB7AE5FAE0FF} = {4DF0499B-0D94-AD69-0E33-05C72469B4E4}
		{8C4E3605-2580-0014-6F4E-D17FB8C96CD7} = {4DF0499B-0D94-AD69-0E33-05C72469B4E4}
		{029902C6-1065-EC84-C11F-665A0D5B8CA5} = {4DF0499B-0D94-AD69-0E33-05C72469B4E4}
		{2416268E-BE3A-AD77-AA21-54A677447DBD} = {743D7AC3-5ADC-BB7E-A251-F5D22F81FC68}
		{F8D31878-A28D-7377-358C-650F7624B4D8} = {2416268E-BE3A-AD77-AA21-54A677447DBD}
		{3153EC76-3E53-648A-5A04-9E85B4E9E54A} = {F8D31878-A28D-7377-358C-650F7624B4D8}
		{E2177B1F-02CA-0482-0AE4-87DB4C4A5634} = {F8D31878-A28D-7377-358C-650F7624B4D8}
		{0F4C1021-70B8-B1A8-7D3E-C03D35EA27C6} = {F8D31878-A28D-7377-358C-650F7624B4D8}
		{16863477-B1F1-00E3-C19B-C6FD259DF002} = {F8D31878-A28D-7377-358C-650F7624B4D8}
		{6F8C3C0C-A6ED-8D54-D91E-84FFF138BC8F} = {743D7AC3-5ADC-BB7E-A251-F5D22F81FC68}
		{EC505D16-541B-864C-7DC0-95B74B93A873} = {6F8C3C0C-A6ED-8D54-D91E-84FFF138BC8F}
		{74DCE866-A20F-0EDE-FCE7-8A95C926BF79} = {EC505D16-541B-864C-7DC0-95B74B93A873}
		{3DC57F54-8261-A981-42A9-078EE9A40B2F} = {EC505D16-541B-864C-7DC0-95B74B93A873}
		{CD63F835-A443-373E-E03E-8BC72D8E3CA5} = {EC505D16-541B-864C-7DC0-95B74B93A873}
		{C0501706-6D99-BB2F-C871-4C34269C9D29} = {EC505D16-541B-864C-7DC0-95B74B93A873}
		{BFBB1060-297C-B401-FBCA-BF2EB86DF82A} = {B5708271-4826-A194-210A-0E88316B578C}
		{AD2DE6BB-74F9-ED3B-DF67-A6041EF45AAD} = {BFBB1060-297C-B401-FBCA-BF2EB86DF82A}
		{9BD1ECFC-FF5F-63EA-AA02-B923330456D2} = {AD2DE6BB-74F9-ED3B-DF67-A6041EF45AAD}
		{A9302791-BD1B-311D-3E77-A94EB1396707} = {AD2DE6BB-74F9-ED3B-DF67-A6041EF45AAD}
		{42555361-7915-521E-B69B-22056C72C738} = {AD2DE6BB-74F9-ED3B-DF67-A6041EF45AAD}
		{3E2C63F5-86E5-DB6B-4BDC-D395E01F72EE} = {AD2DE6BB-74F9-ED3B-DF67-A6041EF45AAD}
		{AA66F7B9-0211-8930-C131-B9F49D735B4E} = {2416268E-BE3A-AD77-AA21-54A677447DBD}
		{6B27B146-013F-8F13-9248-E75D35ECBC40} = {AA66F7B9-0211-8930-C131-B9F49D735B4E}
		{A59B750A-1031-9F54-E4D8-EA1A0767F283} = {6B27B146-013F-8F13-9248-E75D35ECBC40}
		{775E3390-486D-BE12-EC5A-94FDDA409A2E} = {6B27B146-013F-8F13-9248-E75D35ECBC40}
		{4E41FD9F-83D6-70AA-9485-9C6E275866A6} = {6B27B146-013F-8F13-9248-E75D35ECBC40}
		{DC8D8BB5-747E-F6CA-4BB3-DA71145ABF8E} = {6B27B146-013F-8F13-9248-E75D35ECBC40}
		{4AEC3CA9-99E2-E4CC-C2B2-BBBE91332014} = {6F8C3C0C-A6ED-8D54-D91E-84FFF138BC8F}
		{8A178F59-50CD-9BF2-BBAF-17D30B160C5D} = {4AEC3CA9-99E2-E4CC-C2B2-BBBE91332014}
		{FDA5AC6A-DCA2-2C4B-FBB1-85FA58147753} = {8A178F59-50CD-9BF2-BBAF-17D30B160C5D}
		{76EA062A-F252-B61C-26B4-57C650744FA7} = {8A178F59-50CD-9BF2-BBAF-17D30B160C5D}
		{98B03110-5743-4126-25F4-9527DE823510} = {8A178F59-50CD-9BF2-BBAF-17D30B160C5D}
		{450F8B14-A280-43F8-7883-56D71E65D024} = {8A178F59-50CD-9BF2-BBAF-17D30B160C5D}
		{03D447B7-E07B-0A20-ECCD-C207AFC3D863} = {8A178F59-50CD-9BF2-BBAF-17D30B160C5D}
	EndGlobalSection
	GlobalSection(ExtensibilityGlobals) = postSolution
		SolutionGuid = {12964120-42AA-426C-911A-CDFAB53BDE01}
	EndGlobalSection
EndGlobal
