Microsoft Visual Studio Solution File, Format Version 12.00
# Visual Studio Version 17
VisualStudioVersion = 17.5.2.0
MinimumVisualStudioVersion = 10.0.40219.1
Project("{2150E333-8FDC-42A3-9474-1A3956D46DE8}") = "templates", "templates", "{808186BE-9BD0-DD1D-D574-36EEAD1E7F8F}"
EndProject
Project("{2150E333-8FDC-42A3-9474-1A3956D46DE8}") = "MyCompany.WebApi.Template", "MyCompany.WebApi.Template", "{8A55E9FD-13C9-A74E-A34B-DA0FF5D40BE2}"
EndProject
Project("{2150E333-8FDC-42A3-9474-1A3956D46DE8}") = "tests", "tests", "{4A048BA2-A819-EAC3-87B9-DA469FCCB0A0}"
EndProject
Project("{FAE04EC0-301F-11D3-BF4B-00C04F79EFBC}") = "MyService.Fixtures", "templates\MyCompany.WebApi.Template\tests\Fixtures\MyService.Fixtures.csproj", "{4AD5E6F5-3969-0608-5D85-553C8E833EA1}"
EndProject
Project("{FAE04EC0-301F-11D3-BF4B-00C04F79EFBC}") = "MyService.IntegrationTests", "templates\MyCompany.WebApi.Template\tests\IntegrationTests\MyService.IntegrationTests.csproj", "{F6B10E1D-955F-D61A-341B-404D7D73E8A6}"
EndProject
Project("{FAE04EC0-301F-11D3-BF4B-00C04F79EFBC}") = "MyService.UnitTests", "templates\MyCompany.WebApi.Template\tests\UnitTests\MyService.UnitTests.csproj", "{C9720442-E7BC-FAEF-DC4F-DCDEE080620B}"
EndProject
Project("{FAE04EC0-301F-11D3-BF4B-00C04F79EFBC}") = "MyService.UnitTests.NUnit", "templates\MyCompany.WebApi.Template\tests\UnitTests\MyService.UnitTests.NUnit.csproj", "{FD9782E1-307E-029B-2CD3-B8CA95272487}"
EndProject
Project("{2150E333-8FDC-42A3-9474-1A3956D46DE8}") = "src", "src", "{D9ACEEEA-5A61-F5FD-6DD8-AE2F72F548E6}"
EndProject
Project("{2150E333-8FDC-42A3-9474-1A3956D46DE8}") = "Clean", "Clean", "{13FF848A-4D0D-8D29-44A0-2387DDD91809}"
EndProject
Project("{FAE04EC0-301F-11D3-BF4B-00C04F79EFBC}") = "MyService.Api", "templates\MyCompany.WebApi.Template\src\Clean\Api\MyService.Api.csproj", "{5C8117A6-DF3B-0B53-88D5-33DBCF3A2003}"
EndProject
Project("{FAE04EC0-301F-11D3-BF4B-00C04F79EFBC}") = "MyService.Application", "templates\MyCompany.WebApi.Template\src\Clean\Application\MyService.Application.csproj", "{1A10F32A-C01D-153A-7D85-3F53A0FC1B78}"
EndProject
Project("{FAE04EC0-301F-11D3-BF4B-00C04F79EFBC}") = "MyService.Domain", "templates\MyCompany.WebApi.Template\src\Clean\Domain\MyService.Domain.csproj", "{F1F58D82-AD5B-FE09-BBB5-16E784E23F9F}"
EndProject
Project("{FAE04EC0-301F-11D3-BF4B-00C04F79EFBC}") = "MyService.Infrastructure", "templates\MyCompany.WebApi.Template\src\Clean\Infrastructure\MyService.Infrastructure.csproj", "{7999A168-EAF6-C862-F0C5-1BD424795B0D}"
EndProject
Project("{2150E333-8FDC-42A3-9474-1A3956D46DE8}") = "Layered", "Layered", "{99DD9D14-58F1-DF90-8A5B-08F74909A3E7}"
EndProject
Project("{FAE04EC0-301F-11D3-BF4B-00C04F79EFBC}") = "MyService.Api", "templates\MyCompany.WebApi.Template\src\Layered\Api\MyService.Api.csproj", "{E6BC8242-5101-9E85-100F-42A54439B046}"
EndProject
Project("{FAE04EC0-301F-11D3-BF4B-00C04F79EFBC}") = "MyService.Business", "templates\MyCompany.WebApi.Template\src\Layered\Business\MyService.Business.csproj", "{C78FCD28-5381-D6A3-9B6A-D6B3B0F26C14}"
EndProject
Project("{FAE04EC0-301F-11D3-BF4B-00C04F79EFBC}") = "MyService.Data", "templates\MyCompany.WebApi.Template\src\Layered\Data\MyService.Data.csproj", "{ACE44236-7258-F6D3-39D0-1CB499C37C25}"
EndProject
Project("{FAE04EC0-301F-11D3-BF4B-00C04F79EFBC}") = "MyService.Domain", "templates\MyCompany.WebApi.Template\src\Layered\Domain\MyService.Domain.csproj", "{D4AA513A-DDBE-494C-1F69-A7E21540A582}"
EndProject
Project("{2150E333-8FDC-42A3-9474-1A3956D46DE8}") = "VerticalSlice", "VerticalSlice", "{A3046CD9-C7CF-93F8-EED0-6AC496E86FED}"
EndProject
Project("{FAE04EC0-301F-11D3-BF4B-00C04F79EFBC}") = "MyService.Api", "templates\MyCompany.WebApi.Template\src\VerticalSlice\Api\MyService.Api.csproj", "{B576556F-8437-9137-3DEE-2E6E25FE25D7}"
EndProject
Project("{FAE04EC0-301F-11D3-BF4B-00C04F79EFBC}") = "MyService.Domain", "templates\MyCompany.WebApi.Template\src\VerticalSlice\Domain\MyService.Domain.csproj", "{6C5092B2-07BA-CE4A-EA35-3C1F403ED266}"
EndProject
Project("{FAE04EC0-301F-11D3-BF4B-00C04F79EFBC}") = "MyService.Features", "templates\MyCompany.WebApi.Template\src\VerticalSlice\Features\MyService.Features.csproj", "{EC3099FA-F89E-AB85-04AE-608B0DE2D09B}"
EndProject
Project("{FAE04EC0-301F-11D3-BF4B-00C04F79EFBC}") = "MyService.Infrastructure", "templates\MyCompany.WebApi.Template\src\VerticalSlice\Infrastructure\MyService.Infrastructure.csproj", "{387559B4-2288-0DB7-1F6F-B2F7D6BB0DA8}"
EndProject
Project("{FAE04EC0-301F-11D3-BF4B-00C04F79EFBC}") = "MyService.Shared", "templates\MyCompany.WebApi.Template\src\VerticalSlice\Shared\MyService.Shared.csproj", "{44BD98F3-CE0E-BFEB-7E24-1653B28D3100}"
EndProject
Global
	GlobalSection(SolutionConfigurationPlatforms) = preSolution
		Debug|Any CPU = Debug|Any CPU
		Release|Any CPU = Release|Any CPU
	EndGlobalSection
	GlobalSection(ProjectConfigurationPlatforms) = postSolution
		{4AD5E6F5-3969-0608-5D85-553C8E833EA1}.Debug|Any CPU.ActiveCfg = Debug|Any CPU
		{4AD5E6F5-3969-0608-5D85-553C8E833EA1}.Debug|Any CPU.Build.0 = Debug|Any CPU
		{4AD5E6F5-3969-0608-5D85-553C8E833EA1}.Release|Any CPU.ActiveCfg = Release|Any CPU
		{4AD5E6F5-3969-0608-5D85-553C8E833EA1}.Release|Any CPU.Build.0 = Release|Any CPU
		{F6B10E1D-955F-D61A-341B-404D7D73E8A6}.Debug|Any CPU.ActiveCfg = Debug|Any CPU
		{F6B10E1D-955F-D61A-341B-404D7D73E8A6}.Debug|Any CPU.Build.0 = Debug|Any CPU
		{F6B10E1D-955F-D61A-341B-404D7D73E8A6}.Release|Any CPU.ActiveCfg = Release|Any CPU
		{F6B10E1D-955F-D61A-341B-404D7D73E8A6}.Release|Any CPU.Build.0 = Release|Any CPU
		{C9720442-E7BC-FAEF-DC4F-DCDEE080620B}.Debug|Any CPU.ActiveCfg = Debug|Any CPU
		{C9720442-E7BC-FAEF-DC4F-DCDEE080620B}.Debug|Any CPU.Build.0 = Debug|Any CPU
		{C9720442-E7BC-FAEF-DC4F-DCDEE080620B}.Release|Any CPU.ActiveCfg = Release|Any CPU
		{C9720442-E7BC-FAEF-DC4F-DCDEE080620B}.Release|Any CPU.Build.0 = Release|Any CPU
		{FD9782E1-307E-029B-2CD3-B8CA95272487}.Debug|Any CPU.ActiveCfg = Debug|Any CPU
		{FD9782E1-307E-029B-2CD3-B8CA95272487}.Debug|Any CPU.Build.0 = Debug|Any CPU
		{FD9782E1-307E-029B-2CD3-B8CA95272487}.Release|Any CPU.ActiveCfg = Release|Any CPU
		{FD9782E1-307E-029B-2CD3-B8CA95272487}.Release|Any CPU.Build.0 = Release|Any CPU
		{5C8117A6-DF3B-0B53-88D5-33DBCF3A2003}.Debug|Any CPU.ActiveCfg = Debug|Any CPU
		{5C8117A6-DF3B-0B53-88D5-33DBCF3A2003}.Debug|Any CPU.Build.0 = Debug|Any CPU
		{5C8117A6-DF3B-0B53-88D5-33DBCF3A2003}.Release|Any CPU.ActiveCfg = Release|Any CPU
		{5C8117A6-DF3B-0B53-88D5-33DBCF3A2003}.Release|Any CPU.Build.0 = Release|Any CPU
		{1A10F32A-C01D-153A-7D85-3F53A0FC1B78}.Debug|Any CPU.ActiveCfg = Debug|Any CPU
		{1A10F32A-C01D-153A-7D85-3F53A0FC1B78}.Debug|Any CPU.Build.0 = Debug|Any CPU
		{1A10F32A-C01D-153A-7D85-3F53A0FC1B78}.Release|Any CPU.ActiveCfg = Release|Any CPU
		{1A10F32A-C01D-153A-7D85-3F53A0FC1B78}.Release|Any CPU.Build.0 = Release|Any CPU
		{F1F58D82-AD5B-FE09-BBB5-16E784E23F9F}.Debug|Any CPU.ActiveCfg = Debug|Any CPU
		{F1F58D82-AD5B-FE09-BBB5-16E784E23F9F}.Debug|Any CPU.Build.0 = Debug|Any CPU
		{F1F58D82-AD5B-FE09-BBB5-16E784E23F9F}.Release|Any CPU.ActiveCfg = Release|Any CPU
		{F1F58D82-AD5B-FE09-BBB5-16E784E23F9F}.Release|Any CPU.Build.0 = Release|Any CPU
		{7999A168-EAF6-C862-F0C5-1BD424795B0D}.Debug|Any CPU.ActiveCfg = Debug|Any CPU
		{7999A168-EAF6-C862-F0C5-1BD424795B0D}.Debug|Any CPU.Build.0 = Debug|Any CPU
		{7999A168-EAF6-C862-F0C5-1BD424795B0D}.Release|Any CPU.ActiveCfg = Release|Any CPU
		{7999A168-EAF6-C862-F0C5-1BD424795B0D}.Release|Any CPU.Build.0 = Release|Any CPU
		{E6BC8242-5101-9E85-100F-42A54439B046}.Debug|Any CPU.ActiveCfg = Debug|Any CPU
		{E6BC8242-5101-9E85-100F-42A54439B046}.Debug|Any CPU.Build.0 = Debug|Any CPU
		{E6BC8242-5101-9E85-100F-42A54439B046}.Release|Any CPU.ActiveCfg = Release|Any CPU
		{E6BC8242-5101-9E85-100F-42A54439B046}.Release|Any CPU.Build.0 = Release|Any CPU
		{C78FCD28-5381-D6A3-9B6A-D6B3B0F26C14}.Debug|Any CPU.ActiveCfg = Debug|Any CPU
		{C78FCD28-5381-D6A3-9B6A-D6B3B0F26C14}.Debug|Any CPU.Build.0 = Debug|Any CPU
		{C78FCD28-5381-D6A3-9B6A-D6B3B0F26C14}.Release|Any CPU.ActiveCfg = Release|Any CPU
		{C78FCD28-5381-D6A3-9B6A-D6B3B0F26C14}.Release|Any CPU.Build.0 = Release|Any CPU
		{ACE44236-7258-F6D3-39D0-1CB499C37C25}.Debug|Any CPU.ActiveCfg = Debug|Any CPU
		{ACE44236-7258-F6D3-39D0-1CB499C37C25}.Debug|Any CPU.Build.0 = Debug|Any CPU
		{ACE44236-7258-F6D3-39D0-1CB499C37C25}.Release|Any CPU.ActiveCfg = Release|Any CPU
		{ACE44236-7258-F6D3-39D0-1CB499C37C25}.Release|Any CPU.Build.0 = Release|Any CPU
		{D4AA513A-DDBE-494C-1F69-A7E21540A582}.Debug|Any CPU.ActiveCfg = Debug|Any CPU
		{D4AA513A-DDBE-494C-1F69-A7E21540A582}.Debug|Any CPU.Build.0 = Debug|Any CPU
		{D4AA513A-DDBE-494C-1F69-A7E21540A582}.Release|Any CPU.ActiveCfg = Release|Any CPU
		{D4AA513A-DDBE-494C-1F69-A7E21540A582}.Release|Any CPU.Build.0 = Release|Any CPU
		{B576556F-8437-9137-3DEE-2E6E25FE25D7}.Debug|Any CPU.ActiveCfg = Debug|Any CPU
		{B576556F-8437-9137-3DEE-2E6E25FE25D7}.Debug|Any CPU.Build.0 = Debug|Any CPU
		{B576556F-8437-9137-3DEE-2E6E25FE25D7}.Release|Any CPU.ActiveCfg = Release|Any CPU
		{B576556F-8437-9137-3DEE-2E6E25FE25D7}.Release|Any CPU.Build.0 = Release|Any CPU
		{6C5092B2-07BA-CE4A-EA35-3C1F403ED266}.Debug|Any CPU.ActiveCfg = Debug|Any CPU
		{6C5092B2-07BA-CE4A-EA35-3C1F403ED266}.Debug|Any CPU.Build.0 = Debug|Any CPU
		{6C5092B2-07BA-CE4A-EA35-3C1F403ED266}.Release|Any CPU.ActiveCfg = Release|Any CPU
		{6C5092B2-07BA-CE4A-EA35-3C1F403ED266}.Release|Any CPU.Build.0 = Release|Any CPU
		{EC3099FA-F89E-AB85-04AE-608B0DE2D09B}.Debug|Any CPU.ActiveCfg = Debug|Any CPU
		{EC3099FA-F89E-AB85-04AE-608B0DE2D09B}.Debug|Any CPU.Build.0 = Debug|Any CPU
		{EC3099FA-F89E-AB85-04AE-608B0DE2D09B}.Release|Any CPU.ActiveCfg = Release|Any CPU
		{EC3099FA-F89E-AB85-04AE-608B0DE2D09B}.Release|Any CPU.Build.0 = Release|Any CPU
		{387559B4-2288-0DB7-1F6F-B2F7D6BB0DA8}.Debug|Any CPU.ActiveCfg = Debug|Any CPU
		{387559B4-2288-0DB7-1F6F-B2F7D6BB0DA8}.Debug|Any CPU.Build.0 = Debug|Any CPU
		{387559B4-2288-0DB7-1F6F-B2F7D6BB0DA8}.Release|Any CPU.ActiveCfg = Release|Any CPU
		{387559B4-2288-0DB7-1F6F-B2F7D6BB0DA8}.Release|Any CPU.Build.0 = Release|Any CPU
		{44BD98F3-CE0E-BFEB-7E24-1653B28D3100}.Debug|Any CPU.ActiveCfg = Debug|Any CPU
		{44BD98F3-CE0E-BFEB-7E24-1653B28D3100}.Debug|Any CPU.Build.0 = Debug|Any CPU
		{44BD98F3-CE0E-BFEB-7E24-1653B28D3100}.Release|Any CPU.ActiveCfg = Release|Any CPU
		{44BD98F3-CE0E-BFEB-7E24-1653B28D3100}.Release|Any CPU.Build.0 = Release|Any CPU
	EndGlobalSection
	GlobalSection(SolutionProperties) = preSolution
		HideSolutionNode = FALSE
	EndGlobalSection
	GlobalSection(NestedProjects) = preSolution
		{8A55E9FD-13C9-A74E-A34B-DA0FF5D40BE2} = {808186BE-9BD0-DD1D-D574-36EEAD1E7F8F}
		{4A048BA2-A819-EAC3-87B9-DA469FCCB0A0} = {8A55E9FD-13C9-A74E-A34B-DA0FF5D40BE2}
		{4AD5E6F5-3969-0608-5D85-553C8E833EA1} = {4A048BA2-A819-EAC3-87B9-DA469FCCB0A0}
		{F6B10E1D-955F-D61A-341B-404D7D73E8A6} = {4A048BA2-A819-EAC3-87B9-DA469FCCB0A0}
		{C9720442-E7BC-FAEF-DC4F-DCDEE080620B} = {4A048BA2-A819-EAC3-87B9-DA469FCCB0A0}
		{FD9782E1-307E-029B-2CD3-B8CA95272487} = {4A048BA2-A819-EAC3-87B9-DA469FCCB0A0}
		{D9ACEEEA-5A61-F5FD-6DD8-AE2F72F548E6} = {8A55E9FD-13C9-A74E-A34B-DA0FF5D40BE2}
		{13FF848A-4D0D-8D29-44A0-2387DDD91809} = {D9ACEEEA-5A61-F5FD-6DD8-AE2F72F548E6}
		{5C8117A6-DF3B-0B53-88D5-33DBCF3A2003} = {13FF848A-4D0D-8D29-44A0-2387DDD91809}
		{1A10F32A-C01D-153A-7D85-3F53A0FC1B78} = {13FF848A-4D0D-8D29-44A0-2387DDD91809}
		{F1F58D82-AD5B-FE09-BBB5-16E784E23F9F} = {13FF848A-4D0D-8D29-44A0-2387DDD91809}
		{7999A168-EAF6-C862-F0C5-1BD424795B0D} = {13FF848A-4D0D-8D29-44A0-2387DDD91809}
		{99DD9D14-58F1-DF90-8A5B-08F74909A3E7} = {D9ACEEEA-5A61-F5FD-6DD8-AE2F72F548E6}
		{E6BC8242-5101-9E85-100F-42A54439B046} = {99DD9D14-58F1-DF90-8A5B-08F74909A3E7}
		{C78FCD28-5381-D6A3-9B6A-D6B3B0F26C14} = {99DD9D14-58F1-DF90-8A5B-08F74909A3E7}
		{ACE44236-7258-F6D3-39D0-1CB499C37C25} = {99DD9D14-58F1-DF90-8A5B-08F74909A3E7}
		{D4AA513A-DDBE-494C-1F69-A7E21540A582} = {99DD9D14-58F1-DF90-8A5B-08F74909A3E7}
		{A3046CD9-C7CF-93F8-EED0-6AC496E86FED} = {D9ACEEEA-5A61-F5FD-6DD8-AE2F72F548E6}
		{B576556F-8437-9137-3DEE-2E6E25FE25D7} = {A3046CD9-C7CF-93F8-EED0-6AC496E86FED}
		{6C5092B2-07BA-CE4A-EA35-3C1F403ED266} = {A3046CD9-C7CF-93F8-EED0-6AC496E86FED}
		{EC3099FA-F89E-AB85-04AE-608B0DE2D09B} = {A3046CD9-C7CF-93F8-EED0-6AC496E86FED}
		{387559B4-2288-0DB7-1F6F-B2F7D6BB0DA8} = {A3046CD9-C7CF-93F8-EED0-6AC496E86FED}
		{44BD98F3-CE0E-BFEB-7E24-1653B28D3100} = {A3046CD9-C7CF-93F8-EED0-6AC496E86FED}
	EndGlobalSection
	GlobalSection(ExtensibilityGlobals) = postSolution
		SolutionGuid = {12964120-42AA-426C-911A-CDFAB53BDE01}
	EndGlobalSection
EndGlobal
